{
  "name": "roblox-wordle",
  "version": "1.0.0",
  "lockfileVersion": 1,
  "requires": true,
  "dependencies": {
    "pnpm": {
      "version": "6.32.6",
      "resolved": "https://registry.npmjs.org/pnpm/-/pnpm-6.32.6.tgz",
      "integrity": "sha512-ucrdCw3F/qjjzoR9+UtLXH1jkDqsbinz+hzSz54WQOOPt/F+9uxm8irrO/mdGkmsy844kAX6vsfS85gZLTg+yA=="
    }
  }
}
